
Microsoft Visual Studio Solution File, Format Version 12.00
# Visual Studio Version 17
VisualStudioVersion = 17.6.33829.357
MinimumVisualStudioVersion = 10.0.40219.1
Project("{FAE04EC0-301F-11D3-BF4B-00C04F79EFBC}") = "ODCXL", "odcxl\ODCXL.csproj", "{885B8449-F6D2-4D4F-B07A-95E73E7FDFDE}"
EndProject
Global
	GlobalSection(SolutionConfigurationPlatforms) = preSolution
		Debug|Any CPU = Debug|Any CPU
		Release|Any CPU = Release|Any CPU
	EndGlobalSection
	GlobalSection(ProjectConfigurationPlatforms) = postSolution
		{885B8449-F6D2-4D4F-B07A-95E73E7FDFDE}.Debug|Any CPU.ActiveCfg = Debug|Any CPU
		{885B8449-F6D2-4D4F-B07A-95E73E7FDFDE}.Debug|Any CPU.Build.0 = Debug|Any CPU
		{885B8449-F6D2-4D4F-B07A-95E73E7FDFDE}.Release|Any CPU.ActiveCfg = Release|Any CPU
		{885B8449-F6D2-4D4F-B07A-95E73E7FDFDE}.Release|Any CPU.Build.0 = Release|Any CPU
	EndGlobalSection
	GlobalSection(SolutionProperties) = preSolution
		HideSolutionNode = FALSE
	EndGlobalSection
	GlobalSection(ExtensibilityGlobals) = postSolution
		SolutionGuid = {55E915C4-9A2D-4725-9DE2-C1C1E70371DA}
	EndGlobalSection
EndGlobal
